
Microsoft Visual Studio Solution File, Format Version 12.00
# Visual Studio Version 16
VisualStudioVersion = 16.0.29009.5
MinimumVisualStudioVersion = 10.0.40219.1
Project("{8BC9CEB8-8B4A-11D0-8D11-00A0C91BC942}") = "Baekjoon Online Judge", "Baekjoon Online Judge\Baekjoon Online Judge.vcxproj", "{C9BCA556-5ACC-450A-A9CF-46F404F66E25}"
EndProject
Project("{2150E333-8FDC-42A3-9474-1A3956D46DE8}") = "README", "README", "{59FE683F-DFE3-48C1-A9F3-FDA4A79C9113}"
	ProjectSection(SolutionItems) = preProject
		README.md = README.md
		Roadmap.png = Roadmap.png
	EndProjectSection
EndProject
Project("{2150E333-8FDC-42A3-9474-1A3956D46DE8}") = "Algorithm_Note", "Algorithm_Note", "{80C7A6C7-755C-496A-A822-334E5E262858}"
	ProjectSection(SolutionItems) = preProject
		00_Algorithm_Note.cpp = 00_Algorithm_Note.cpp
		01_How to get input.cpp = 01_How to get input.cpp
		02_data_structure.cpp = 02_data_structure.cpp
		03_traversal.cpp = 03_traversal.cpp
		04_Tree.cpp = 04_Tree.cpp
		05_Graph.cpp = 05_Graph.cpp
		06_Math.cpp = 06_Math.cpp
	EndProjectSection
EndProject
Project("{8BC9CEB8-8B4A-11D0-8D11-00A0C91BC942}") = "Programming Challenges", "Programming Challenges\Programming Challenges.vcxproj", "{7A21AD3A-DB23-471A-B2FE-B0D131FEEB74}"
EndProject
Global
	GlobalSection(SolutionConfigurationPlatforms) = preSolution
		Debug|x64 = Debug|x64
		Debug|x86 = Debug|x86
		Release|x64 = Release|x64
		Release|x86 = Release|x86
	EndGlobalSection
	GlobalSection(ProjectConfigurationPlatforms) = postSolution
		{C9BCA556-5ACC-450A-A9CF-46F404F66E25}.Debug|x64.ActiveCfg = Debug|x64
		{C9BCA556-5ACC-450A-A9CF-46F404F66E25}.Debug|x64.Build.0 = Debug|x64
		{C9BCA556-5ACC-450A-A9CF-46F404F66E25}.Debug|x86.ActiveCfg = Debug|Win32
		{C9BCA556-5ACC-450A-A9CF-46F404F66E25}.Debug|x86.Build.0 = Debug|Win32
		{C9BCA556-5ACC-450A-A9CF-46F404F66E25}.Release|x64.ActiveCfg = Release|x64
		{C9BCA556-5ACC-450A-A9CF-46F404F66E25}.Release|x64.Build.0 = Release|x64
		{C9BCA556-5ACC-450A-A9CF-46F404F66E25}.Release|x86.ActiveCfg = Release|Win32
		{C9BCA556-5ACC-450A-A9CF-46F404F66E25}.Release|x86.Build.0 = Release|Win32
		{7A21AD3A-DB23-471A-B2FE-B0D131FEEB74}.Debug|x64.ActiveCfg = Debug|x64
		{7A21AD3A-DB23-471A-B2FE-B0D131FEEB74}.Debug|x64.Build.0 = Debug|x64
		{7A21AD3A-DB23-471A-B2FE-B0D131FEEB74}.Debug|x86.ActiveCfg = Debug|Win32
		{7A21AD3A-DB23-471A-B2FE-B0D131FEEB74}.Debug|x86.Build.0 = Debug|Win32
		{7A21AD3A-DB23-471A-B2FE-B0D131FEEB74}.Release|x64.ActiveCfg = Release|x64
		{7A21AD3A-DB23-471A-B2FE-B0D131FEEB74}.Release|x64.Build.0 = Release|x64
		{7A21AD3A-DB23-471A-B2FE-B0D131FEEB74}.Release|x86.ActiveCfg = Release|Win32
		{7A21AD3A-DB23-471A-B2FE-B0D131FEEB74}.Release|x86.Build.0 = Release|Win32
	EndGlobalSection
	GlobalSection(SolutionProperties) = preSolution
		HideSolutionNode = FALSE
	EndGlobalSection
	GlobalSection(ExtensibilityGlobals) = postSolution
		SolutionGuid = {8433D74A-9F3B-4528-AA84-30946357109E}
	EndGlobalSection
EndGlobal
