
Microsoft Visual Studio Solution File, Format Version 12.00
# Visual Studio 15
VisualStudioVersion = 15.0.28010.2046
MinimumVisualStudioVersion = 10.0.40219.1
Project("{8BC9CEB8-8B4A-11D0-8D11-00A0C91BC942}") = "APSS", "APSS\APSS.vcxproj", "{38E4A449-830E-46EB-A880-7C903F6D9D77}"
EndProject
Global
	GlobalSection(SolutionConfigurationPlatforms) = preSolution
		Debug|x64 = Debug|x64
		Debug|x86 = Debug|x86
		Release|x64 = Release|x64
		Release|x86 = Release|x86
	EndGlobalSection
	GlobalSection(ProjectConfigurationPlatforms) = postSolution
		{38E4A449-830E-46EB-A880-7C903F6D9D77}.Debug|x64.ActiveCfg = Debug|x64
		{38E4A449-830E-46EB-A880-7C903F6D9D77}.Debug|x64.Build.0 = Debug|x64
		{38E4A449-830E-46EB-A880-7C903F6D9D77}.Debug|x86.ActiveCfg = Debug|Win32
		{38E4A449-830E-46EB-A880-7C903F6D9D77}.Debug|x86.Build.0 = Debug|Win32
		{38E4A449-830E-46EB-A880-7C903F6D9D77}.Release|x64.ActiveCfg = Release|x64
		{38E4A449-830E-46EB-A880-7C903F6D9D77}.Release|x64.Build.0 = Release|x64
		{38E4A449-830E-46EB-A880-7C903F6D9D77}.Release|x86.ActiveCfg = Release|Win32
		{38E4A449-830E-46EB-A880-7C903F6D9D77}.Release|x86.Build.0 = Release|Win32
	EndGlobalSection
	GlobalSection(SolutionProperties) = preSolution
		HideSolutionNode = FALSE
	EndGlobalSection
	GlobalSection(ExtensibilityGlobals) = postSolution
		SolutionGuid = {8897757A-E499-4D88-9363-DE841C02DCFF}
	EndGlobalSection
EndGlobal
