<?xml version="1.0" encoding="utf-8"?>
<Project ToolsVersion="4.0" xmlns="http://schemas.microsoft.com/developer/msbuild/2003">
  <ItemGroup>
    <Filter Include="소스 파일">
      <UniqueIdentifier>{4FC737F1-C7A5-4376-A066-2A32D752A2FF}</UniqueIdentifier>
      <Extensions>cpp;c;cc;cxx;def;odl;idl;hpj;bat;asm;asmx</Extensions>
    </Filter>
    <Filter Include="헤더 파일">
      <UniqueIdentifier>{93995380-89BD-4b04-88EB-625FBE52EBFB}</UniqueIdentifier>
      <Extensions>h;hh;hpp;hxx;hm;inl;inc;ipp;xsd</Extensions>
    </Filter>
    <Filter Include="리소스 파일">
      <UniqueIdentifier>{67DA6AB6-F800-4c08-8B7A-83BB121AAD01}</UniqueIdentifier>
      <Extensions>rc;ico;cur;bmp;dlg;rc2;rct;bin;rgs;gif;jpg;jpeg;jpe;resx;tiff;tif;png;wav;mfcribbon-ms</Extensions>
    </Filter>
    <Filter Include="프로젝트 설명">
      <UniqueIdentifier>{a5ce9392-8e74-46fd-816b-044d1ed4c7f9}</UniqueIdentifier>
    </Filter>
    <Filter Include="알고리즘 노트">
      <UniqueIdentifier>{258c067e-9e05-46b5-aefa-f6c7a51c0e8b}</UniqueIdentifier>
    </Filter>
    <Filter Include="유틸">
      <UniqueIdentifier>{023ae6f0-3d00-4dd3-bec4-fee1bb492b21}</UniqueIdentifier>
    </Filter>
    <Filter Include="소스 파일\AC">
      <UniqueIdentifier>{5c69dec4-a644-482b-9493-8c8ee44d1bf6}</UniqueIdentifier>
    </Filter>
    <Filter Include="소스 파일\NOT_AC">
      <UniqueIdentifier>{f9cba70e-2e1c-4a53-be83-df35cc392394}</UniqueIdentifier>
    </Filter>
  </ItemGroup>
  <ItemGroup>
    <ClCompile Include="00_Algorithm_Note.cpp">
      <Filter>알고리즘 노트</Filter>
    </ClCompile>
    <ClCompile Include="01_How to get input.cpp">
      <Filter>알고리즘 노트</Filter>
    </ClCompile>
    <ClCompile Include="02_data_structure.cpp">
      <Filter>알고리즘 노트</Filter>
    </ClCompile>
    <ClCompile Include="03_Math.cpp">
      <Filter>알고리즘 노트</Filter>
    </ClCompile>
    <ClCompile Include="04_Graph.cpp">
      <Filter>알고리즘 노트</Filter>
    </ClCompile>
    <ClCompile Include="05_Tree.cpp">
      <Filter>알고리즘 노트</Filter>
    </ClCompile>
    <ClCompile Include="__solve_problem_source_check_mecro.cpp">
      <Filter>유틸</Filter>
    </ClCompile>
    <ClCompile Include="11004_timelimit.cpp">
      <Filter>소스 파일\NOT_AC</Filter>
    </ClCompile>
    <ClCompile Include="1000.cpp">
      <Filter>소스 파일\AC</Filter>
    </ClCompile>
    <ClCompile Include="1016.cpp">
      <Filter>소스 파일\AC</Filter>
    </ClCompile>
    <ClCompile Include="1074.cpp">
      <Filter>소스 파일\AC</Filter>
    </ClCompile>
    <ClCompile Include="1080.cpp">
      <Filter>소스 파일\AC</Filter>
    </ClCompile>
    <ClCompile Include="1086.cpp">
      <Filter>소스 파일\AC</Filter>
    </ClCompile>
    <ClCompile Include="1102.cpp">
      <Filter>소스 파일\AC</Filter>
    </ClCompile>
    <ClCompile Include="1107.cpp">
      <Filter>소스 파일\AC</Filter>
    </ClCompile>
    <ClCompile Include="1126.cpp">
      <Filter>소스 파일\AC</Filter>
    </ClCompile>
    <ClCompile Include="1158.cpp">
      <Filter>소스 파일\AC</Filter>
    </ClCompile>
    <ClCompile Include="1167.cpp">
      <Filter>소스 파일\AC</Filter>
    </ClCompile>
    <ClCompile Include="1182.cpp">
      <Filter>소스 파일\AC</Filter>
    </ClCompile>
    <ClCompile Include="1182_1.cpp">
      <Filter>소스 파일\AC</Filter>
    </ClCompile>
    <ClCompile Include="1197.cpp">
      <Filter>소스 파일\AC</Filter>
    </ClCompile>
    <ClCompile Include="1201.cpp">
      <Filter>소스 파일\AC</Filter>
    </ClCompile>
    <ClCompile Include="1208.cpp">
      <Filter>소스 파일\AC</Filter>
    </ClCompile>
    <ClCompile Include="1212.cpp">
      <Filter>소스 파일\AC</Filter>
    </ClCompile>
    <ClCompile Include="1260.cpp">
      <Filter>소스 파일\AC</Filter>
    </ClCompile>
    <ClCompile Include="1261.cpp">
      <Filter>소스 파일\AC</Filter>
    </ClCompile>
    <ClCompile Include="1328.cpp">
      <Filter>소스 파일\AC</Filter>
    </ClCompile>
    <ClCompile Include="1373.cpp">
      <Filter>소스 파일\AC</Filter>
    </ClCompile>
    <ClCompile Include="1377.cpp">
      <Filter>소스 파일\AC</Filter>
    </ClCompile>
    <ClCompile Include="1389.cpp">
      <Filter>소스 파일\AC</Filter>
    </ClCompile>
    <ClCompile Include="1395.cpp">
      <Filter>소스 파일\AC</Filter>
    </ClCompile>
    <ClCompile Include="1406.cpp">
      <Filter>소스 파일\AC</Filter>
    </ClCompile>
    <ClCompile Include="1463.cpp">
      <Filter>소스 파일\AC</Filter>
    </ClCompile>
    <ClCompile Include="1463_1.cpp">
      <Filter>소스 파일\AC</Filter>
    </ClCompile>
    <ClCompile Include="1476.cpp">
      <Filter>소스 파일\AC</Filter>
    </ClCompile>
    <ClCompile Include="1504.cpp">
      <Filter>소스 파일\AC</Filter>
    </ClCompile>
    <ClCompile Include="1507.cpp">
      <Filter>소스 파일\AC</Filter>
    </ClCompile>
    <ClCompile Include="1509.cpp">
      <Filter>소스 파일\AC</Filter>
    </ClCompile>
    <ClCompile Include="1516.cpp">
      <Filter>소스 파일\AC</Filter>
    </ClCompile>
    <ClCompile Include="1517.cpp">
      <Filter>소스 파일\AC</Filter>
    </ClCompile>
    <ClCompile Include="1520.cpp">
      <Filter>소스 파일\AC</Filter>
    </ClCompile>
    <ClCompile Include="1525.cpp">
      <Filter>소스 파일\AC</Filter>
    </ClCompile>
    <ClCompile Include="1541.cpp">
      <Filter>소스 파일\AC</Filter>
    </ClCompile>
    <ClCompile Include="1561.cpp">
      <Filter>소스 파일\AC</Filter>
    </ClCompile>
    <ClCompile Include="1562.cpp">
      <Filter>소스 파일\AC</Filter>
    </ClCompile>
    <ClCompile Include="1563.cpp">
      <Filter>소스 파일\AC</Filter>
    </ClCompile>
    <ClCompile Include="1563_1.cpp">
      <Filter>소스 파일\AC</Filter>
    </ClCompile>
    <ClCompile Include="1595.cpp">
      <Filter>소스 파일\AC</Filter>
    </ClCompile>
    <ClCompile Include="1629.cpp">
      <Filter>소스 파일\AC</Filter>
    </ClCompile>
    <ClCompile Include="1629_1.cpp">
      <Filter>소스 파일\AC</Filter>
    </ClCompile>
    <ClCompile Include="1644.cpp">
      <Filter>소스 파일\AC</Filter>
    </ClCompile>
    <ClCompile Include="1648.cpp">
      <Filter>소스 파일\AC</Filter>
    </ClCompile>
    <ClCompile Include="1654.cpp">
      <Filter>소스 파일\AC</Filter>
    </ClCompile>
    <ClCompile Include="1676.cpp">
      <Filter>소스 파일\AC</Filter>
    </ClCompile>
    <ClCompile Include="1697.cpp">
      <Filter>소스 파일\AC</Filter>
    </ClCompile>
    <ClCompile Include="1699.cpp">
      <Filter>소스 파일\AC</Filter>
    </ClCompile>
    <ClCompile Include="1707.cpp">
      <Filter>소스 파일\AC</Filter>
    </ClCompile>
    <ClCompile Include="1717.cpp">
      <Filter>소스 파일\AC</Filter>
    </ClCompile>
    <ClCompile Include="1720.cpp">
      <Filter>소스 파일\AC</Filter>
    </ClCompile>
    <ClCompile Include="1722.cpp">
      <Filter>소스 파일\AC</Filter>
    </ClCompile>
    <ClCompile Include="1744.cpp">
      <Filter>소스 파일\AC</Filter>
    </ClCompile>
    <ClCompile Include="1753.cpp">
      <Filter>소스 파일\AC</Filter>
    </ClCompile>
    <ClCompile Include="1759.cpp">
      <Filter>소스 파일\AC</Filter>
    </ClCompile>
    <ClCompile Include="1759_1.cpp">
      <Filter>소스 파일\AC</Filter>
    </ClCompile>
    <ClCompile Include="1761.cpp">
      <Filter>소스 파일\AC</Filter>
    </ClCompile>
    <ClCompile Include="1764.cpp">
      <Filter>소스 파일\AC</Filter>
    </ClCompile>
    <ClCompile Include="1766.cpp">
      <Filter>소스 파일\AC</Filter>
    </ClCompile>
    <ClCompile Include="1780.cpp">
      <Filter>소스 파일\AC</Filter>
    </ClCompile>
    <ClCompile Include="1783.cpp">
      <Filter>소스 파일\AC</Filter>
    </ClCompile>
    <ClCompile Include="1806.cpp">
      <Filter>소스 파일\AC</Filter>
    </ClCompile>
    <ClCompile Include="1865.cpp">
      <Filter>소스 파일\AC</Filter>
    </ClCompile>
    <ClCompile Include="1890.cpp">
      <Filter>소스 파일\AC</Filter>
    </ClCompile>
    <ClCompile Include="1912.cpp">
      <Filter>소스 파일\AC</Filter>
    </ClCompile>
    <ClCompile Include="1916.cpp">
      <Filter>소스 파일\AC</Filter>
    </ClCompile>
    <ClCompile Include="1922.cpp">
      <Filter>소스 파일\AC</Filter>
    </ClCompile>
    <ClCompile Include="1927.cpp">
      <Filter>소스 파일\AC</Filter>
    </ClCompile>
    <ClCompile Include="1929.cpp">
      <Filter>소스 파일\AC</Filter>
    </ClCompile>
    <ClCompile Include="1931.cpp">
      <Filter>소스 파일\AC</Filter>
    </ClCompile>
    <ClCompile Include="1939.cpp">
      <Filter>소스 파일\AC</Filter>
    </ClCompile>
    <ClCompile Include="1948.cpp">
      <Filter>소스 파일\AC</Filter>
    </ClCompile>
    <ClCompile Include="1956.cpp">
      <Filter>소스 파일\AC</Filter>
    </ClCompile>
    <ClCompile Include="1963.cpp">
      <Filter>소스 파일\AC</Filter>
    </ClCompile>
    <ClCompile Include="1967.cpp">
      <Filter>소스 파일\AC</Filter>
    </ClCompile>
    <ClCompile Include="1978.cpp">
      <Filter>소스 파일\AC</Filter>
    </ClCompile>
    <ClCompile Include="1987.cpp">
      <Filter>소스 파일\AC</Filter>
    </ClCompile>
    <ClCompile Include="1991.cpp">
      <Filter>소스 파일\AC</Filter>
    </ClCompile>
    <ClCompile Include="1992.cpp">
      <Filter>소스 파일\AC</Filter>
    </ClCompile>
    <ClCompile Include="2003.cpp">
      <Filter>소스 파일\AC</Filter>
    </ClCompile>
    <ClCompile Include="2003_1.cpp">
      <Filter>소스 파일\AC</Filter>
    </ClCompile>
    <ClCompile Include="2004.cpp">
      <Filter>소스 파일\AC</Filter>
    </ClCompile>
    <ClCompile Include="2011.cpp">
      <Filter>소스 파일\AC</Filter>
    </ClCompile>
    <ClCompile Include="2022.cpp">
      <Filter>소스 파일\AC</Filter>
    </ClCompile>
    <ClCompile Include="2042.cpp">
      <Filter>소스 파일\AC</Filter>
    </ClCompile>
    <ClCompile Include="2042_1.cpp">
      <Filter>소스 파일\AC</Filter>
    </ClCompile>
    <ClCompile Include="2042_2.cpp">
      <Filter>소스 파일\AC</Filter>
    </ClCompile>
    <ClCompile Include="2056.cpp">
      <Filter>소스 파일\AC</Filter>
    </ClCompile>
    <ClCompile Include="2089.cpp">
      <Filter>소스 파일\AC</Filter>
    </ClCompile>
    <ClCompile Include="2098.cpp">
      <Filter>소스 파일\AC</Filter>
    </ClCompile>
    <ClCompile Include="2110.cpp">
      <Filter>소스 파일\AC</Filter>
    </ClCompile>
    <ClCompile Include="2133.cpp">
      <Filter>소스 파일\AC</Filter>
    </ClCompile>
    <ClCompile Include="2133_1.cpp">
      <Filter>소스 파일\AC</Filter>
    </ClCompile>
    <ClCompile Include="2133_2.cpp">
      <Filter>소스 파일\AC</Filter>
    </ClCompile>
    <ClCompile Include="2146.cpp">
      <Filter>소스 파일\AC</Filter>
    </ClCompile>
    <ClCompile Include="2156.cpp">
      <Filter>소스 파일\AC</Filter>
    </ClCompile>
    <ClCompile Include="2172.cpp">
      <Filter>소스 파일\AC</Filter>
    </ClCompile>
    <ClCompile Include="2178.cpp">
      <Filter>소스 파일\AC</Filter>
    </ClCompile>
    <ClCompile Include="2193.cpp">
      <Filter>소스 파일\AC</Filter>
    </ClCompile>
    <ClCompile Include="2225.cpp">
      <Filter>소스 파일\AC</Filter>
    </ClCompile>
    <ClCompile Include="2228.cpp">
      <Filter>소스 파일\AC</Filter>
    </ClCompile>
    <ClCompile Include="2240.cpp">
      <Filter>소스 파일\AC</Filter>
    </ClCompile>
    <ClCompile Include="2251.cpp">
      <Filter>소스 파일\AC</Filter>
    </ClCompile>
    <ClCompile Include="2252.cpp">
      <Filter>소스 파일\AC</Filter>
    </ClCompile>
    <ClCompile Include="2261.cpp">
      <Filter>소스 파일\AC</Filter>
    </ClCompile>
    <ClCompile Include="2263.cpp">
      <Filter>소스 파일\AC</Filter>
    </ClCompile>
    <ClCompile Include="2293.cpp">
      <Filter>소스 파일\AC</Filter>
    </ClCompile>
    <ClCompile Include="2294.cpp">
      <Filter>소스 파일\AC</Filter>
    </ClCompile>
    <ClCompile Include="2331.cpp">
      <Filter>소스 파일\AC</Filter>
    </ClCompile>
    <ClCompile Include="2447.cpp">
      <Filter>소스 파일\AC</Filter>
    </ClCompile>
    <ClCompile Include="2448.cpp">
      <Filter>소스 파일\AC</Filter>
    </ClCompile>
    <ClCompile Include="2557.cpp">
      <Filter>소스 파일\AC</Filter>
    </ClCompile>
    <ClCompile Include="2558.cpp">
      <Filter>소스 파일\AC</Filter>
    </ClCompile>
    <ClCompile Include="2579.cpp">
      <Filter>소스 파일\AC</Filter>
    </ClCompile>
    <ClCompile Include="2580.cpp">
      <Filter>소스 파일\AC</Filter>
    </ClCompile>
    <ClCompile Include="2606.cpp">
      <Filter>소스 파일\AC</Filter>
    </ClCompile>
    <ClCompile Include="2667.cpp">
      <Filter>소스 파일\AC</Filter>
    </ClCompile>
    <ClCompile Include="2738.cpp">
      <Filter>소스 파일\AC</Filter>
    </ClCompile>
    <ClCompile Include="2740.cpp">
      <Filter>소스 파일\AC</Filter>
    </ClCompile>
    <ClCompile Include="2745.cpp">
      <Filter>소스 파일\AC</Filter>
    </ClCompile>
    <ClCompile Include="2747.cpp">
      <Filter>소스 파일\AC</Filter>
    </ClCompile>
    <ClCompile Include="2748.cpp">
      <Filter>소스 파일\AC</Filter>
    </ClCompile>
    <ClCompile Include="2749.cpp">
      <Filter>소스 파일\AC</Filter>
    </ClCompile>
    <ClCompile Include="2751.cpp">
      <Filter>소스 파일\AC</Filter>
    </ClCompile>
    <ClCompile Include="2805.cpp">
      <Filter>소스 파일\AC</Filter>
    </ClCompile>
    <ClCompile Include="2873.cpp">
      <Filter>소스 파일\AC</Filter>
    </ClCompile>
    <ClCompile Include="2875.cpp">
      <Filter>소스 파일\AC</Filter>
    </ClCompile>
    <ClCompile Include="3012.cpp">
      <Filter>소스 파일\AC</Filter>
    </ClCompile>
    <ClCompile Include="3015.cpp">
      <Filter>소스 파일\AC</Filter>
    </ClCompile>
    <ClCompile Include="3111.cpp">
      <Filter>소스 파일\AC</Filter>
    </ClCompile>
    <ClCompile Include="3176.cpp">
      <Filter>소스 파일\AC</Filter>
    </ClCompile>
    <ClCompile Include="4963.cpp">
      <Filter>소스 파일\AC</Filter>
    </ClCompile>
    <ClCompile Include="5557.cpp">
      <Filter>소스 파일\AC</Filter>
    </ClCompile>
    <ClCompile Include="6000.cpp">
      <Filter>소스 파일\AC</Filter>
    </ClCompile>
    <ClCompile Include="6086.cpp">
      <Filter>소스 파일\AC</Filter>
    </ClCompile>
    <ClCompile Include="6086_1.cpp">
      <Filter>소스 파일\AC</Filter>
    </ClCompile>
    <ClCompile Include="6549.cpp">
      <Filter>소스 파일\AC</Filter>
    </ClCompile>
    <ClCompile Include="6603.cpp">
      <Filter>소스 파일\AC</Filter>
    </ClCompile>
    <ClCompile Include="6603_1.cpp">
      <Filter>소스 파일\AC</Filter>
    </ClCompile>
    <ClCompile Include="7453.cpp">
      <Filter>소스 파일\AC</Filter>
    </ClCompile>
    <ClCompile Include="7576.cpp">
      <Filter>소스 파일\AC</Filter>
    </ClCompile>
    <ClCompile Include="7785.cpp">
      <Filter>소스 파일\AC</Filter>
    </ClCompile>
    <ClCompile Include="9012.cpp">
      <Filter>소스 파일\AC</Filter>
    </ClCompile>
    <ClCompile Include="9019.cpp">
      <Filter>소스 파일\AC</Filter>
    </ClCompile>
    <ClCompile Include="9023.cpp">
      <Filter>소스 파일\AC</Filter>
    </ClCompile>
    <ClCompile Include="9029.cpp">
      <Filter>소스 파일\AC</Filter>
    </ClCompile>
    <ClCompile Include="9095.cpp">
      <Filter>소스 파일\AC</Filter>
    </ClCompile>
    <ClCompile Include="9461.cpp">
      <Filter>소스 파일\AC</Filter>
    </ClCompile>
    <ClCompile Include="9465.cpp">
      <Filter>소스 파일\AC</Filter>
    </ClCompile>
    <ClCompile Include="9466.cpp">
      <Filter>소스 파일\AC</Filter>
    </ClCompile>
    <ClCompile Include="9663.cpp">
      <Filter>소스 파일\AC</Filter>
    </ClCompile>
    <ClCompile Include="9935.cpp">
      <Filter>소스 파일\AC</Filter>
    </ClCompile>
    <ClCompile Include="10451.cpp">
      <Filter>소스 파일\AC</Filter>
    </ClCompile>
    <ClCompile Include="10610.cpp">
      <Filter>소스 파일\AC</Filter>
    </ClCompile>
    <ClCompile Include="10799.cpp">
      <Filter>소스 파일\AC</Filter>
    </ClCompile>
    <ClCompile Include="10814.cpp">
      <Filter>소스 파일\AC</Filter>
    </ClCompile>
    <ClCompile Include="10815.cpp">
      <Filter>소스 파일\AC</Filter>
    </ClCompile>
    <ClCompile Include="10816.cpp">
      <Filter>소스 파일\AC</Filter>
    </ClCompile>
    <ClCompile Include="10819.cpp">
      <Filter>소스 파일\AC</Filter>
    </ClCompile>
    <ClCompile Include="10825.cpp">
      <Filter>소스 파일\AC</Filter>
    </ClCompile>
    <ClCompile Include="10826.cpp">
      <Filter>소스 파일\AC</Filter>
    </ClCompile>
    <ClCompile Include="10830.cpp">
      <Filter>소스 파일\AC</Filter>
    </ClCompile>
    <ClCompile Include="10844.cpp">
      <Filter>소스 파일\AC</Filter>
    </ClCompile>
    <ClCompile Include="10917.cpp">
      <Filter>소스 파일\AC</Filter>
    </ClCompile>
    <ClCompile Include="10942.cpp">
      <Filter>소스 파일\AC</Filter>
    </ClCompile>
    <ClCompile Include="10971.cpp">
      <Filter>소스 파일\AC</Filter>
    </ClCompile>
    <ClCompile Include="10972.cpp">
      <Filter>소스 파일\AC</Filter>
    </ClCompile>
    <ClCompile Include="10973.cpp">
      <Filter>소스 파일\AC</Filter>
    </ClCompile>
    <ClCompile Include="10974.cpp">
      <Filter>소스 파일\AC</Filter>
    </ClCompile>
    <ClCompile Include="10986.cpp">
      <Filter>소스 파일\AC</Filter>
    </ClCompile>
    <ClCompile Include="10989.cpp">
      <Filter>소스 파일\AC</Filter>
    </ClCompile>
    <ClCompile Include="10999.cpp">
      <Filter>소스 파일\AC</Filter>
    </ClCompile>
    <ClCompile Include="11003.cpp">
      <Filter>소스 파일\AC</Filter>
    </ClCompile>
    <ClCompile Include="11005.cpp">
      <Filter>소스 파일\AC</Filter>
    </ClCompile>
    <ClCompile Include="11047.cpp">
      <Filter>소스 파일\AC</Filter>
    </ClCompile>
    <ClCompile Include="11048.cpp">
      <Filter>소스 파일\AC</Filter>
    </ClCompile>
    <ClCompile Include="11049.cpp">
      <Filter>소스 파일\AC</Filter>
    </ClCompile>
    <ClCompile Include="11050.cpp">
      <Filter>소스 파일\AC</Filter>
    </ClCompile>
    <ClCompile Include="11051.cpp">
      <Filter>소스 파일\AC</Filter>
    </ClCompile>
    <ClCompile Include="11052.cpp">
      <Filter>소스 파일\AC</Filter>
    </ClCompile>
    <ClCompile Include="11053.cpp">
      <Filter>소스 파일\AC</Filter>
    </ClCompile>
    <ClCompile Include="11054.cpp">
      <Filter>소스 파일\AC</Filter>
    </ClCompile>
    <ClCompile Include="11055.cpp">
      <Filter>소스 파일\AC</Filter>
    </ClCompile>
    <ClCompile Include="11057.cpp">
      <Filter>소스 파일\AC</Filter>
    </ClCompile>
    <ClCompile Include="11066.cpp">
      <Filter>소스 파일\AC</Filter>
    </ClCompile>
    <ClCompile Include="11279.cpp">
      <Filter>소스 파일\AC</Filter>
    </ClCompile>
    <ClCompile Include="11399.cpp">
      <Filter>소스 파일\AC</Filter>
    </ClCompile>
    <ClCompile Include="11402.cpp">
      <Filter>소스 파일\AC</Filter>
    </ClCompile>
    <ClCompile Include="11403.cpp">
      <Filter>소스 파일\AC</Filter>
    </ClCompile>
    <ClCompile Include="11404.cpp">
      <Filter>소스 파일\AC</Filter>
    </ClCompile>
    <ClCompile Include="11437.cpp">
      <Filter>소스 파일\AC</Filter>
    </ClCompile>
    <ClCompile Include="11438.cpp">
      <Filter>소스 파일\AC</Filter>
    </ClCompile>
    <ClCompile Include="11438_1.cpp">
      <Filter>소스 파일\AC</Filter>
    </ClCompile>
    <ClCompile Include="11444.cpp">
      <Filter>소스 파일\AC</Filter>
    </ClCompile>
    <ClCompile Include="11576.cpp">
      <Filter>소스 파일\AC</Filter>
    </ClCompile>
    <ClCompile Include="11652.cpp">
      <Filter>소스 파일\AC</Filter>
    </ClCompile>
    <ClCompile Include="11653.cpp">
      <Filter>소스 파일\AC</Filter>
    </ClCompile>
    <ClCompile Include="11657.cpp">
      <Filter>소스 파일\AC</Filter>
    </ClCompile>
    <ClCompile Include="11657_1.cpp">
      <Filter>소스 파일\AC</Filter>
    </ClCompile>
    <ClCompile Include="11658.cpp">
      <Filter>소스 파일\AC</Filter>
    </ClCompile>
    <ClCompile Include="11660.cpp">
      <Filter>소스 파일\AC</Filter>
    </ClCompile>
    <ClCompile Include="11722.cpp">
      <Filter>소스 파일\AC</Filter>
    </ClCompile>
    <ClCompile Include="11723.cpp">
      <Filter>소스 파일\AC</Filter>
    </ClCompile>
    <ClCompile Include="11724.cpp">
      <Filter>소스 파일\AC</Filter>
    </ClCompile>
    <ClCompile Include="11725.cpp">
      <Filter>소스 파일\AC</Filter>
    </ClCompile>
    <ClCompile Include="11726.cpp">
      <Filter>소스 파일\AC</Filter>
    </ClCompile>
    <ClCompile Include="11726_1.cpp">
      <Filter>소스 파일\AC</Filter>
    </ClCompile>
    <ClCompile Include="11727.cpp">
      <Filter>소스 파일\AC</Filter>
    </ClCompile>
    <ClCompile Include="11727_1.cpp">
      <Filter>소스 파일\AC</Filter>
    </ClCompile>
    <ClCompile Include="11728.cpp">
      <Filter>소스 파일\AC</Filter>
    </ClCompile>
    <ClCompile Include="11729.cpp">
      <Filter>소스 파일\AC</Filter>
    </ClCompile>
    <ClCompile Include="11779.cpp">
      <Filter>소스 파일\AC</Filter>
    </ClCompile>
    <ClCompile Include="11780.cpp">
      <Filter>소스 파일\AC</Filter>
    </ClCompile>
    <ClCompile Include="12767.cpp">
      <Filter>소스 파일\AC</Filter>
    </ClCompile>
    <ClCompile Include="13334.cpp">
      <Filter>소스 파일\AC</Filter>
    </ClCompile>
    <ClCompile Include="14500.cpp">
      <Filter>소스 파일\AC</Filter>
    </ClCompile>
    <ClCompile Include="14501.cpp">
      <Filter>소스 파일\AC</Filter>
    </ClCompile>
    <ClCompile Include="14501_1.cpp">
      <Filter>소스 파일\AC</Filter>
    </ClCompile>
    <ClCompile Include="14502.cpp">
      <Filter>소스 파일\AC</Filter>
    </ClCompile>
    <ClCompile Include="14503.cpp">
      <Filter>소스 파일\AC</Filter>
    </ClCompile>
    <ClCompile Include="14888.cpp">
      <Filter>소스 파일\AC</Filter>
    </ClCompile>
    <ClCompile Include="14889.cpp">
      <Filter>소스 파일\AC</Filter>
    </ClCompile>
    <ClCompile Include="14890.cpp">
      <Filter>소스 파일\AC</Filter>
    </ClCompile>
    <ClCompile Include="15954.cpp">
      <Filter>소스 파일\AC</Filter>
    </ClCompile>
    <ClCompile Include="15955.cpp">
      <Filter>소스 파일\AC</Filter>
    </ClCompile>
    <ClCompile Include="15956.cpp">
      <Filter>소스 파일\AC</Filter>
    </ClCompile>
    <ClCompile Include="15957.cpp">
      <Filter>소스 파일\AC</Filter>
    </ClCompile>
  </ItemGroup>
  <ItemGroup>
    <None Include="..\README.md">
      <Filter>프로젝트 설명</Filter>
    </None>
  </ItemGroup>
</Project>