<?xml version="1.0" encoding="utf-8"?>
<Project ToolsVersion="4.0" xmlns="http://schemas.microsoft.com/developer/msbuild/2003">
  <ItemGroup>
    <Filter Include="note">
      <UniqueIdentifier>{09731f01-5491-4acd-8cc5-c51f1d62cf4e}</UniqueIdentifier>
    </Filter>
    <Filter Include="lib">
      <UniqueIdentifier>{04471d26-ffca-4b2d-b817-578238ab84a5}</UniqueIdentifier>
    </Filter>
  </ItemGroup>
  <ItemGroup>
    <ClCompile Include="queue.cpp">
      <Filter>lib</Filter>
    </ClCompile>
    <ClCompile Include="vector.cpp">
      <Filter>lib</Filter>
    </ClCompile>
    <ClCompile Include="math.cpp">
      <Filter>lib</Filter>
    </ClCompile>
    <ClCompile Include="note\00_Algorithm_Note.cpp">
      <Filter>note</Filter>
    </ClCompile>
    <ClCompile Include="note\01_How to get input.cpp">
      <Filter>note</Filter>
    </ClCompile>
    <ClCompile Include="note\02_Data_structure.cpp">
      <Filter>note</Filter>
    </ClCompile>
    <ClCompile Include="note\03_Traversal.cpp">
      <Filter>note</Filter>
    </ClCompile>
    <ClCompile Include="note\04_Tree.cpp">
      <Filter>note</Filter>
    </ClCompile>
    <ClCompile Include="note\05_Graph.cpp">
      <Filter>note</Filter>
    </ClCompile>
    <ClCompile Include="note\06_Math.cpp">
      <Filter>note</Filter>
    </ClCompile>
    <ClCompile Include="note\07_BigInt.cpp">
      <Filter>note</Filter>
    </ClCompile>
    <ClCompile Include="note\08_Geometry.cpp">
      <Filter>note</Filter>
    </ClCompile>
  </ItemGroup>
</Project>